
Microsoft Visual Studio Solution File, Format Version 12.00
# Visual Studio Version 16
VisualStudioVersion = 16.0.30413.136
MinimumVisualStudioVersion = 10.0.40219.1
Project("{FAE04EC0-301F-11D3-BF4B-00C04F79EFBC}") = "[T3.1] WebRequest con BestBuy", "[T3.1] WebRequest con BestBuy.csproj", "{E37A9D70-C58A-4B04-9741-DCCADBBE26E0}"
EndProject
Global
	GlobalSection(SolutionConfigurationPlatforms) = preSolution
		Debug|Any CPU = Debug|Any CPU
		Release|Any CPU = Release|Any CPU
	EndGlobalSection
	GlobalSection(ProjectConfigurationPlatforms) = postSolution
		{E37A9D70-C58A-4B04-9741-DCCADBBE26E0}.Debug|Any CPU.ActiveCfg = Debug|Any CPU
		{E37A9D70-C58A-4B04-9741-DCCADBBE26E0}.Debug|Any CPU.Build.0 = Debug|Any CPU
		{E37A9D70-C58A-4B04-9741-DCCADBBE26E0}.Release|Any CPU.ActiveCfg = Release|Any CPU
		{E37A9D70-C58A-4B04-9741-DCCADBBE26E0}.Release|Any CPU.Build.0 = Release|Any CPU
	EndGlobalSection
	GlobalSection(SolutionProperties) = preSolution
		HideSolutionNode = FALSE
	EndGlobalSection
	GlobalSection(ExtensibilityGlobals) = postSolution
		SolutionGuid = {A08B4C6D-C8BD-484D-AA15-B0FC4B0C0CCC}
	EndGlobalSection
EndGlobal
